<?xml version="1.0" encoding="UTF-8"?>
<CodeBlocks_project_file>
	<FileVersion major="1" minor="6"/>
	<Project>
		<Option title="MCM_Permutatation"/>
		<Option makefile_is_custom="1"/>
		<Option compiler="gcc"/>
		<Option virtualFolders="CMake Files\;"/>
		<Build>
			<Target title="all">
				<Option working_dir="/home/hardieck/Work/repositorien/MultiplierQuantization/cpp/MCM__Permutation"/>
				<Option type="4"/>
				<MakeCommands>
					<Build command="/usr/bin/make -f &quot;/home/hardieck/Work/repositorien/MultiplierQuantization/cpp/MCM__Permutation/Makefile&quot;  VERBOSE=1 all"/>
					<CompileFile command="/usr/bin/make -f &quot;/home/hardieck/Work/repositorien/MultiplierQuantization/cpp/MCM__Permutation/Makefile&quot;  VERBOSE=1 &quot;$file&quot;"/>
					<Clean command="/usr/bin/make -f &quot;/home/hardieck/Work/repositorien/MultiplierQuantization/cpp/MCM__Permutation/Makefile&quot;  VERBOSE=1 clean"/>
					<DistClean command="/usr/bin/make -f &quot;/home/hardieck/Work/repositorien/MultiplierQuantization/cpp/MCM__Permutation/Makefile&quot;  VERBOSE=1 clean"/>
				</MakeCommands>
			</Target>
			<Target title="install/strip">
				<Option working_dir="/home/hardieck/Work/repositorien/MultiplierQuantization/cpp/MCM__Permutation"/>
				<Option type="4"/>
				<MakeCommands>
					<Build command="/usr/bin/make -f &quot;/home/hardieck/Work/repositorien/MultiplierQuantization/cpp/MCM__Permutation/Makefile&quot;  VERBOSE=1 install/strip"/>
					<CompileFile command="/usr/bin/make -f &quot;/home/hardieck/Work/repositorien/MultiplierQuantization/cpp/MCM__Permutation/Makefile&quot;  VERBOSE=1 &quot;$file&quot;"/>
					<Clean command="/usr/bin/make -f &quot;/home/hardieck/Work/repositorien/MultiplierQuantization/cpp/MCM__Permutation/Makefile&quot;  VERBOSE=1 clean"/>
					<DistClean command="/usr/bin/make -f &quot;/home/hardieck/Work/repositorien/MultiplierQuantization/cpp/MCM__Permutation/Makefile&quot;  VERBOSE=1 clean"/>
				</MakeCommands>
			</Target>
			<Target title="edit_cache">
				<Option working_dir="/home/hardieck/Work/repositorien/MultiplierQuantization/cpp/MCM__Permutation"/>
				<Option type="4"/>
				<MakeCommands>
					<Build command="/usr/bin/make -f &quot;/home/hardieck/Work/repositorien/MultiplierQuantization/cpp/MCM__Permutation/Makefile&quot;  VERBOSE=1 edit_cache"/>
					<CompileFile command="/usr/bin/make -f &quot;/home/hardieck/Work/repositorien/MultiplierQuantization/cpp/MCM__Permutation/Makefile&quot;  VERBOSE=1 &quot;$file&quot;"/>
					<Clean command="/usr/bin/make -f &quot;/home/hardieck/Work/repositorien/MultiplierQuantization/cpp/MCM__Permutation/Makefile&quot;  VERBOSE=1 clean"/>
					<DistClean command="/usr/bin/make -f &quot;/home/hardieck/Work/repositorien/MultiplierQuantization/cpp/MCM__Permutation/Makefile&quot;  VERBOSE=1 clean"/>
				</MakeCommands>
			</Target>
			<Target title="rebuild_cache">
				<Option working_dir="/home/hardieck/Work/repositorien/MultiplierQuantization/cpp/MCM__Permutation"/>
				<Option type="4"/>
				<MakeCommands>
					<Build command="/usr/bin/make -f &quot;/home/hardieck/Work/repositorien/MultiplierQuantization/cpp/MCM__Permutation/Makefile&quot;  VERBOSE=1 rebuild_cache"/>
					<CompileFile command="/usr/bin/make -f &quot;/home/hardieck/Work/repositorien/MultiplierQuantization/cpp/MCM__Permutation/Makefile&quot;  VERBOSE=1 &quot;$file&quot;"/>
					<Clean command="/usr/bin/make -f &quot;/home/hardieck/Work/repositorien/MultiplierQuantization/cpp/MCM__Permutation/Makefile&quot;  VERBOSE=1 clean"/>
					<DistClean command="/usr/bin/make -f &quot;/home/hardieck/Work/repositorien/MultiplierQuantization/cpp/MCM__Permutation/Makefile&quot;  VERBOSE=1 clean"/>
				</MakeCommands>
			</Target>
			<Target title="MCM_Permutation">
				<Option output="/home/hardieck/Work/repositorien/MultiplierQuantization/cpp/MCM__Permutation/bin/MCM_Permutation" prefix_auto="0" extension_auto="0"/>
				<Option working_dir="/home/hardieck/Work/repositorien/MultiplierQuantization/cpp/MCM__Permutation/bin/"/>
				<Option object_output="./"/>
				<Option type="1"/>
				<Option compiler="gcc"/>
				<Compiler>
					<Add directory="/home/hardieck/Work/repositorien/MultiplierQuantization/cpp/MCM__Permutation/inc"/>
					<Add directory="/home/hardieck/Work/repositorien/MultiplierQuantization/cpp/MCM__Permutation/src"/>
				</Compiler>
				<MakeCommands>
					<Build command="/usr/bin/make -f &quot;/home/hardieck/Work/repositorien/MultiplierQuantization/cpp/MCM__Permutation/Makefile&quot;  VERBOSE=1 MCM_Permutation"/>
					<CompileFile command="/usr/bin/make -f &quot;/home/hardieck/Work/repositorien/MultiplierQuantization/cpp/MCM__Permutation/Makefile&quot;  VERBOSE=1 &quot;$file&quot;"/>
					<Clean command="/usr/bin/make -f &quot;/home/hardieck/Work/repositorien/MultiplierQuantization/cpp/MCM__Permutation/Makefile&quot;  VERBOSE=1 clean"/>
					<DistClean command="/usr/bin/make -f &quot;/home/hardieck/Work/repositorien/MultiplierQuantization/cpp/MCM__Permutation/Makefile&quot;  VERBOSE=1 clean"/>
				</MakeCommands>
			</Target>
			<Target title="MCM_Permutation/fast">
				<Option output="/home/hardieck/Work/repositorien/MultiplierQuantization/cpp/MCM__Permutation/bin/MCM_Permutation" prefix_auto="0" extension_auto="0"/>
				<Option working_dir="/home/hardieck/Work/repositorien/MultiplierQuantization/cpp/MCM__Permutation/bin/"/>
				<Option object_output="./"/>
				<Option type="1"/>
				<Option compiler="gcc"/>
				<Compiler>
					<Add directory="/home/hardieck/Work/repositorien/MultiplierQuantization/cpp/MCM__Permutation/inc"/>
					<Add directory="/home/hardieck/Work/repositorien/MultiplierQuantization/cpp/MCM__Permutation/src"/>
				</Compiler>
				<MakeCommands>
					<Build command="/usr/bin/make -f &quot;/home/hardieck/Work/repositorien/MultiplierQuantization/cpp/MCM__Permutation/Makefile&quot;  VERBOSE=1 MCM_Permutation/fast"/>
					<CompileFile command="/usr/bin/make -f &quot;/home/hardieck/Work/repositorien/MultiplierQuantization/cpp/MCM__Permutation/Makefile&quot;  VERBOSE=1 &quot;$file&quot;"/>
					<Clean command="/usr/bin/make -f &quot;/home/hardieck/Work/repositorien/MultiplierQuantization/cpp/MCM__Permutation/Makefile&quot;  VERBOSE=1 clean"/>
					<DistClean command="/usr/bin/make -f &quot;/home/hardieck/Work/repositorien/MultiplierQuantization/cpp/MCM__Permutation/Makefile&quot;  VERBOSE=1 clean"/>
				</MakeCommands>
			</Target>
			<Target title="list_install_components">
				<Option working_dir="/home/hardieck/Work/repositorien/MultiplierQuantization/cpp/MCM__Permutation"/>
				<Option type="4"/>
				<MakeCommands>
					<Build command="/usr/bin/make -f &quot;/home/hardieck/Work/repositorien/MultiplierQuantization/cpp/MCM__Permutation/Makefile&quot;  VERBOSE=1 list_install_components"/>
					<CompileFile command="/usr/bin/make -f &quot;/home/hardieck/Work/repositorien/MultiplierQuantization/cpp/MCM__Permutation/Makefile&quot;  VERBOSE=1 &quot;$file&quot;"/>
					<Clean command="/usr/bin/make -f &quot;/home/hardieck/Work/repositorien/MultiplierQuantization/cpp/MCM__Permutation/Makefile&quot;  VERBOSE=1 clean"/>
					<DistClean command="/usr/bin/make -f &quot;/home/hardieck/Work/repositorien/MultiplierQuantization/cpp/MCM__Permutation/Makefile&quot;  VERBOSE=1 clean"/>
				</MakeCommands>
			</Target>
			<Target title="install/local">
				<Option working_dir="/home/hardieck/Work/repositorien/MultiplierQuantization/cpp/MCM__Permutation"/>
				<Option type="4"/>
				<MakeCommands>
					<Build command="/usr/bin/make -f &quot;/home/hardieck/Work/repositorien/MultiplierQuantization/cpp/MCM__Permutation/Makefile&quot;  VERBOSE=1 install/local"/>
					<CompileFile command="/usr/bin/make -f &quot;/home/hardieck/Work/repositorien/MultiplierQuantization/cpp/MCM__Permutation/Makefile&quot;  VERBOSE=1 &quot;$file&quot;"/>
					<Clean command="/usr/bin/make -f &quot;/home/hardieck/Work/repositorien/MultiplierQuantization/cpp/MCM__Permutation/Makefile&quot;  VERBOSE=1 clean"/>
					<DistClean command="/usr/bin/make -f &quot;/home/hardieck/Work/repositorien/MultiplierQuantization/cpp/MCM__Permutation/Makefile&quot;  VERBOSE=1 clean"/>
				</MakeCommands>
			</Target>
			<Target title="install">
				<Option working_dir="/home/hardieck/Work/repositorien/MultiplierQuantization/cpp/MCM__Permutation"/>
				<Option type="4"/>
				<MakeCommands>
					<Build command="/usr/bin/make -f &quot;/home/hardieck/Work/repositorien/MultiplierQuantization/cpp/MCM__Permutation/Makefile&quot;  VERBOSE=1 install"/>
					<CompileFile command="/usr/bin/make -f &quot;/home/hardieck/Work/repositorien/MultiplierQuantization/cpp/MCM__Permutation/Makefile&quot;  VERBOSE=1 &quot;$file&quot;"/>
					<Clean command="/usr/bin/make -f &quot;/home/hardieck/Work/repositorien/MultiplierQuantization/cpp/MCM__Permutation/Makefile&quot;  VERBOSE=1 clean"/>
					<DistClean command="/usr/bin/make -f &quot;/home/hardieck/Work/repositorien/MultiplierQuantization/cpp/MCM__Permutation/Makefile&quot;  VERBOSE=1 clean"/>
				</MakeCommands>
			</Target>
		</Build>
		<Unit filename="/home/hardieck/Work/repositorien/MultiplierQuantization/cpp/MCM__Permutation/src/main.cpp">
			<Option target="MCM_Permutation"/>
		</Unit>
		<Unit filename="/home/hardieck/Work/repositorien/MultiplierQuantization/cpp/MCM__Permutation/src/mcm_permutation.cpp">
			<Option target="MCM_Permutation"/>
		</Unit>
		<Unit filename="/home/hardieck/Work/repositorien/MultiplierQuantization/cpp/MCM__Permutation/src/permutator.cpp">
			<Option target="MCM_Permutation"/>
		</Unit>
		<Unit filename="/home/hardieck/Work/repositorien/MultiplierQuantization/cpp/MCM__Permutation/src/structure.cpp">
			<Option target="MCM_Permutation"/>
		</Unit>
		<Unit filename="/home/hardieck/Work/repositorien/MultiplierQuantization/cpp/MCM__Permutation/src/structures.cpp">
			<Option target="MCM_Permutation"/>
		</Unit>
		<Unit filename="/home/hardieck/Work/repositorien/MultiplierQuantization/cpp/MCM__Permutation/CMakeLists.txt">
			<Option virtualFolder="CMake Files\"/>
		</Unit>
	</Project>
</CodeBlocks_project_file>
